
Microsoft Visual Studio Solution File, Format Version 12.00
# Visual Studio Version 16
VisualStudioVersion = 16.0.31613.86
MinimumVisualStudioVersion = 10.0.40219.1
Project("{FAE04EC0-301F-11D3-BF4B-00C04F79EFBC}") = "BattleSnake", "BattleSnake\BattleSnake.csproj", "{545CC25D-11CA-4A87-8497-3817A02C0FE0}"
EndProject
Global
	GlobalSection(SolutionConfigurationPlatforms) = preSolution
		Debug|Any CPU = Debug|Any CPU
		Release|Any CPU = Release|Any CPU
	EndGlobalSection
	GlobalSection(ProjectConfigurationPlatforms) = postSolution
		{545CC25D-11CA-4A87-8497-3817A02C0FE0}.Debug|Any CPU.ActiveCfg = Debug|Any CPU
		{545CC25D-11CA-4A87-8497-3817A02C0FE0}.Debug|Any CPU.Build.0 = Debug|Any CPU
		{545CC25D-11CA-4A87-8497-3817A02C0FE0}.Release|Any CPU.ActiveCfg = Release|Any CPU
		{545CC25D-11CA-4A87-8497-3817A02C0FE0}.Release|Any CPU.Build.0 = Release|Any CPU
	EndGlobalSection
	GlobalSection(SolutionProperties) = preSolution
		HideSolutionNode = FALSE
	EndGlobalSection
	GlobalSection(ExtensibilityGlobals) = postSolution
		SolutionGuid = {2C3C3985-0E4F-4106-8ACA-312FEEF4153C}
	EndGlobalSection
EndGlobal
